
Microsoft Visual Studio Solution File, Format Version 12.00
# Visual Studio 15
VisualStudioVersion = 15.0.28010.2036
MinimumVisualStudioVersion = 10.0.40219.1
Project("{FAE04EC0-301F-11D3-BF4B-00C04F79EFBC}") = "T800", "T800\T800.csproj", "{0C98D980-C877-475B-A6DC-527D4811487A}"
EndProject
Global
	GlobalSection(SolutionConfigurationPlatforms) = preSolution
		Debug|Any CPU = Debug|Any CPU
		Release|Any CPU = Release|Any CPU
	EndGlobalSection
	GlobalSection(ProjectConfigurationPlatforms) = postSolution
		{0C98D980-C877-475B-A6DC-527D4811487A}.Debug|Any CPU.ActiveCfg = Debug|Any CPU
		{0C98D980-C877-475B-A6DC-527D4811487A}.Debug|Any CPU.Build.0 = Debug|Any CPU
		{0C98D980-C877-475B-A6DC-527D4811487A}.Release|Any CPU.ActiveCfg = Release|Any CPU
		{0C98D980-C877-475B-A6DC-527D4811487A}.Release|Any CPU.Build.0 = Release|Any CPU
	EndGlobalSection
	GlobalSection(SolutionProperties) = preSolution
		HideSolutionNode = FALSE
	EndGlobalSection
	GlobalSection(ExtensibilityGlobals) = postSolution
		SolutionGuid = {36A7EFB5-8971-4E0C-BE45-C47A6528A549}
	EndGlobalSection
EndGlobal
